{
  "name": "haikal-hw",
  "version": "3.1.0",
  "lockfileVersion": 3,
  "requires": true,
  "packages": {
    "": {
      "name": "haikal-hw",
      "version": "3.1.0",
      "license": "MIT",
      "dependencies": {
        "@adiwajshing/keyed-db": "^0.2.4",
        "@ffmpeg-installer/ffmpeg": "^1.1.0",
        "@hapi/boom": "^10.0.1",
        "@whiskeysockets/baileys" : "^github:WhiskeySockets/Baileys",
        "awesome-phonenumber": "^5.10.0",
        "axios": "^1.4.0",
        "chalk": "^4.1.2",
        "cheerio": "^1.0.0-rc.12",
        "child_process": "^1.0.2",
        "crypto": "^1.0.1",
        "crypto-js": "^4.1.1",
        "dhn-api": "^1.1.3",
        "file-type": "^16.5.3",
        "fluent-ffmpeg": "^2.1.2",
        "form-data": "^4.0.0",
        "fs": "0.0.1-security",
        "fs-extra": "^10.0.0",
        "google-it": "^1.6.2",
        "got": "^13.0.0",
        "human-readable": "^0.2.1",
        "hxz-api": "^1.0.1",
        "jimp": "^0.16.1",
        "js-cookie": "^3.0.5",
        "jsdom": "^22.1.0",
        "libsignal-node": "^2.0.1",
        "lodash": "^4.17.21",
        "lowdb": "^2.1.0",
        "moment-timezone": "^0.5.43",
        "mongoose": "^6.2.1",
        "node-cron": "^3.0.2",
        "node-fetch": "^2.6.1",
        "node-webpmux": "^3.1.7",
        "openai": "^3.3.0",
        "os": "^0.1.2",
        "path": "^0.12.7",
        "perf_hooks": "0.0.1",
        "pino": "^8.14.1",
        "qrcode-terminal": "^0.12.0",
        "request": "^2.88.2",
        "scrape-primbon": "^1.1.0",
        "util": "^0.12.5",
        "yargs": "^17.7.2",
        "yt-search": "^2.10.2",
        "ytdl-core": "^4.11.0"
      }
    },
    "node_modules/@adiwajshing/keyed-db": {
      "version": "0.2.4",
      "resolved": "https://registry.npmjs.org/@adiwajshing/keyed-db/-/keyed-db-0.2.4.tgz",
      "integrity": "sha512-yprSnAtj80/VKuDqRcFFLDYltoNV8tChNwFfIgcf6PGD4sjzWIBgs08pRuTqGH5mk5wgL6PBRSsMCZqtZwzFEw=="
    },
    "node_modules/@aws-crypto/crc32": {
      "version": "3.0.0",
      "resolved": "https://registry.npmjs.org/@aws-crypto/crc32/-/crc32-3.0.0.tgz",
      "integrity": "sha512-IzSgsrxUcsrejQbPVilIKy16kAT52EwB6zSaI+M3xxIhKh5+aldEyvI+z6erM7TCLB2BJsFrtHjp6/4/sr+3dA==",
      "optional": true,
      "dependencies": {
        "@aws-crypto/util": "^3.0.0",
        "@aws-sdk/types": "^3.222.0",
        "tslib": "^1.11.1"
      }
    },
    "node_modules/@aws-crypto/crc32/node_modules/tslib": {
      "version": "1.14.1",
      "resolved": "https://registry.npmjs.org/tslib/-/tslib-1.14.1.tgz",
      "integrity": "sha512-Xni35NKzjgMrwevysHTCArtLDpPvye8zV/0E4EyYn43P7/7qvQwPh9BGkHewbMulVntbigmcT7rdX3BNo9wRJg==",
      "optional": true
    },
    "node_modules/@aws-crypto/ie11-detection": {
      "version": "3.0.0",
      "resolved": "https://registry.npmjs.org/@aws-crypto/ie11-detection/-/ie11-detection-3.0.0.tgz",
      "integrity": "sha512-341lBBkiY1DfDNKai/wXM3aujNBkXR7tq1URPQDL9wi3AUbI80NR74uF1TXHMm7po1AcnFk8iu2S2IeU/+/A+Q==",
      "optional": true,
      "dependencies": {
        "tslib": "^1.11.1"
      }
    },
    "node_modules/@aws-crypto/ie11-detection/node_modules/tslib": {
      "version": "1.14.1",
      "resolved": "https://registry.npmjs.org/tslib/-/tslib-1.14.1.tgz",
      "integrity": "sha512-Xni35NKzjgMrwevysHTCArtLDpPvye8zV/0E4EyYn43P7/7qvQwPh9BGkHewbMulVntbigmcT7rdX3BNo9wRJg==",
      "optional": true
    },
    "node_modules/@aws-crypto/sha256-browser": {
      "version": "3.0.0",
      "resolved": "https://registry.npmjs.org/@aws-crypto/sha256-browser/-/sha256-browser-3.0.0.tgz",
      "integrity": "sha512-8VLmW2B+gjFbU5uMeqtQM6Nj0/F1bro80xQXCW6CQBWgosFWXTx77aeOF5CAIAmbOK64SdMBJdNr6J41yP5mvQ==",
      "optional": true,
      "dependencies": {
        "@aws-crypto/ie11-detection": "^3.0.0",
        "@aws-crypto/sha256-js": "^3.0.0",
        "@aws-crypto/supports-web-crypto": "^3.0.0",
        "@aws-crypto/util": "^3.0.0",
        "@aws-sdk/types": "^3.222.0",
        "@aws-sdk/util-locate-window": "^3.0.0",
        "@aws-sdk/util-utf8-browser": "^3.0.0",
        "tslib": "^1.11.1"
      }
    },
    "node_modules/@aws-crypto/sha256-browser/node_modules/tslib": {
      "version": "1.14.1",
      "resolved": "https://registry.npmjs.org/tslib/-/tslib-1.14.1.tgz",
      "integrity": "sha512-Xni35NKzjgMrwevysHTCArtLDpPvye8zV/0E4EyYn43P7/7qvQwPh9BGkHewbMulVntbigmcT7rdX3BNo9wRJg==",
      "optional": true
    },
    "node_modules/@aws-crypto/sha256-js": {
      "version": "3.0.0",
      "resolved": "https://registry.npmjs.org/@aws-crypto/sha256-js/-/sha256-js-3.0.0.tgz",
      "integrity": "sha512-PnNN7os0+yd1XvXAy23CFOmTbMaDxgxXtTKHybrJ39Y8kGzBATgBFibWJKH6BhytLI/Zyszs87xCOBNyBig6vQ==",
      "optional": true,
      "dependencies": {
        "@aws-crypto/util": "^3.0.0",
        "@aws-sdk/types": "^3.222.0",
        "tslib": "^1.11.1"
      }
    },
    "node_modules/@aws-crypto/sha256-js/node_modules/tslib": {
      "version": "1.14.1",
      "resolved": "https://registry.npmjs.org/tslib/-/tslib-1.14.1.tgz",
      "integrity": "sha512-Xni35NKzjgMrwevysHTCArtLDpPvye8zV/0E4EyYn43P7/7qvQwPh9BGkHewbMulVntbigmcT7rdX3BNo9wRJg==",
      "optional": true
    },
    "node_modules/@aws-crypto/supports-web-crypto": {
      "version": "3.0.0",
      "resolved": "https://registry.npmjs.org/@aws-crypto/supports-web-crypto/-/supports-web-crypto-3.0.0.tgz",
      "integrity": "sha512-06hBdMwUAb2WFTuGG73LSC0wfPu93xWwo5vL2et9eymgmu3Id5vFAHBbajVWiGhPO37qcsdCap/FqXvJGJWPIg==",
      "optional": true,
      "dependencies": {
        "tslib": "^1.11.1"
      }
    },
    "node_modules/@aws-crypto/supports-web-crypto/node_modules/tslib": {
      "version": "1.14.1",
      "resolved": "https://registry.npmjs.org/tslib/-/tslib-1.14.1.tgz",
      "integrity": "sha512-Xni35NKzjgMrwevysHTCArtLDpPvye8zV/0E4EyYn43P7/7qvQwPh9BGkHewbMulVntbigmcT7rdX3BNo9wRJg==",
      "optional": true
    },
    "node_modules/@aws-crypto/util": {
      "version": "3.0.0",
      "resolved": "https://registry.npmjs.org/@aws-crypto/util/-/util-3.0.0.tgz",
      "integrity": "sha512-2OJlpeJpCR48CC8r+uKVChzs9Iungj9wkZrl8Z041DWEWvyIHILYKCPNzJghKsivj+S3mLo6BVc7mBNzdxA46w==",
      "optional": true,
      "dependencies": {
        "@aws-sdk/types": "^3.222.0",
        "@aws-sdk/util-utf8-browser": "^3.0.0",
        "tslib": "^1.11.1"
      }
    },
    "node_modules/@aws-crypto/util/node_modules/tslib": {
      "version": "1.14.1",
      "resolved": "https://registry.npmjs.org/tslib/-/tslib-1.14.1.tgz",
      "integrity": "sha512-Xni35NKzjgMrwevysHTCArtLDpPvye8zV/0E4EyYn43P7/7qvQwPh9BGkHewbMulVntbigmcT7rdX3BNo9wRJg==",
      "optional": true
    },
    "node_modules/@aws-sdk/client-cognito-identity": {
      "version": "3.379.1",
      "resolved": "https://registry.npmjs.org/@aws-sdk/client-cognito-identity/-/client-cognito-identity-3.379.1.tgz",
      "integrity": "sha512-aONC8IyC54OMcdoRCqI+Fw4VIIlonWmFdLDyZPfGoqwYpe/Vqz7DPF7s/ohqiZBSpEt2SzZeKHEpmkBPR8fpkw==",
      "optional": true,
      "dependencies": {
        "@aws-crypto/sha256-browser": "3.0.0",
        "@aws-crypto/sha256-js": "3.0.0",
        "@aws-sdk/client-sts": "3.379.1",
        "@aws-sdk/credential-provider-node": "3.379.1",
        "@aws-sdk/middleware-host-header": "3.379.1",
        "@aws-sdk/middleware-logger": "3.378.0",
        "@aws-sdk/middleware-recursion-detection": "3.378.0",
        "@aws-sdk/middleware-signing": "3.379.1",
        "@aws-sdk/middleware-user-agent": "3.379.1",
        "@aws-sdk/types": "3.378.0",
        "@aws-sdk/util-endpoints": "3.378.0",
        "@aws-sdk/util-user-agent-browser": "3.378.0",
        "@aws-sdk/util-user-agent-node": "3.378.0",
        "@smithy/config-resolver": "^2.0.1",
        "@smithy/fetch-http-handler": "^2.0.1",
        "@smithy/hash-node": "^2.0.1",
        "@smithy/invalid-dependency": "^2.0.1",
        "@smithy/middleware-content-length": "^2.0.1",
        "@smithy/middleware-endpoint": "^2.0.1",
        "@smithy/middleware-retry": "^2.0.1",
        "@smithy/middleware-serde": "^2.0.1",
        "@smithy/middleware-stack": "^2.0.0",
        "@smithy/node-config-provider": "^2.0.1",
        "@smithy/node-http-handler": "^2.0.1",
        "@smithy/protocol-http": "^2.0.1",
        "@smithy/smithy-client": "^2.0.1",
        "@smithy/types": "^2.0.2",
        "@smithy/url-parser": "^2.0.1",
        "@smithy/util-base64": "^2.0.0",
        "@smithy/util-body-length-browser": "^2.0.0",
        "@smithy/util-body-length-node": "^2.0.0",
        "@smithy/util-defaults-mode-browser": "^2.0.1",
        "@smithy/util-defaults-mode-node": "^2.0.1",
        "@smithy/util-retry": "^2.0.0",
        "@smithy/util-utf8": "^2.0.0",
        "tslib": "^2.5.0"
      },
      "engines": {
        "node": ">=14.0.0"
      }
    },
    "node_modules/@aws-sdk/client-sso": {
      "version": "3.379.1",
      "resolved": "https://registry.npmjs.org/@aws-sdk/client-sso/-/client-sso-3.379.1.tgz",
      "integrity": "sha512-2N16TPnRcq+seNP8VY/Zq7kfnrUOrJMbVNpyDZWGe5Qglua3n8v/FzxmXFNI87MiSODq8IHtiXhggWhefCd+TA==",
      "optional": true,
      "dependencies": {
        "@aws-crypto/sha256-browser": "3.0.0",
        "@aws-crypto/sha256-js": "3.0.0",
        "@aws-sdk/middleware-host-header": "3.379.1",
        "@aws-sdk/middleware-logger": "3.378.0",
        "@aws-sdk/middleware-recursion-detection": "3.378.0",
        "@aws-sdk/middleware-user-agent": "3.379.1",
        "@aws-sdk/types": "3.378.0",
        "@aws-sdk/util-endpoints": "3.378.0",
        "@aws-sdk/util-user-agent-browser": "3.378.0",
        "@aws-sdk/util-user-agent-node": "3.378.0",
        "@smithy/config-resolver": "^2.0.1",
        "@smithy/fetch-http-handler": "^2.0.1",
        "@smithy/hash-node": "^2.0.1",
        "@smithy/invalid-dependency": "^2.0.1",
        "@smithy/middleware-content-length": "^2.0.1",
        "@smithy/middleware-endpoint": "^2.0.1",
        "@smithy/middleware-retry": "^2.0.1",
        "@smithy/middleware-serde": "^2.0.1",
        "@smithy/middleware-stack": "^2.0.0",
        "@smithy/node-config-provider": "^2.0.1",
        "@smithy/node-http-handler": "^2.0.1",
        "@smithy/protocol-http": "^2.0.1",
        "@smithy/smithy-client": "^2.0.1",
        "@smithy/types": "^2.0.2",
        "@smithy/url-parser": "^2.0.1",
        "@smithy/util-base64": "^2.0.0",
        "@smithy/util-body-length-browser": "^2.0.0",
        "@smithy/util-body-length-node": "^2.0.0",
        "@smithy/util-defaults-mode-browser": "^2.0.1",
        "@smithy/util-defaults-mode-node": "^2.0.1",
        "@smithy/util-retry": "^2.0.0",
        "@smithy/util-utf8": "^2.0.0",
        "tslib": "^2.5.0"
      },
      "engines": {
        "node": ">=14.0.0"
      }
    },
    "node_modules/@aws-sdk/client-sso-oidc": {
      "version": "3.379.1",
      "resolved": "https://registry.npmjs.org/@aws-sdk/client-sso-oidc/-/client-sso-oidc-3.379.1.tgz",
      "integrity": "sha512-B6hZ2ysPyvafCMf6gls1jHI/IUviVZ4+TURpNfUBqThg/hZ1IMxc4BLkXca6VlgzYR+bWU8GKiClS9fFH6mu0g==",
      "optional": true,
      "dependencies": {
        "@aws-crypto/sha256-browser": "3.0.0",
        "@aws-crypto/sha256-js": "3.0.0",
        "@aws-sdk/middleware-host-header": "3.379.1",
        "@aws-sdk/middleware-logger": "3.378.0",
        "@aws-sdk/middleware-recursion-detection": "3.378.0",
        "@aws-sdk/middleware-user-agent": "3.379.1",
        "@aws-sdk/types": "3.378.0",
        "@aws-sdk/util-endpoints": "3.378.0",
        "@aws-sdk/util-user-agent-browser": "3.378.0",
        "@aws-sdk/util-user-agent-node": "3.378.0",
        "@smithy/config-resolver": "^2.0.1",
        "@smithy/fetch-http-handler": "^2.0.1",
        "@smithy/hash-node": "^2.0.1",
        "@smithy/invalid-dependency": "^2.0.1",
        "@smithy/middleware-content-length": "^2.0.1",
        "@smithy/middleware-endpoint": "^2.0.1",
        "@smithy/middleware-retry": "^2.0.1",
        "@smithy/middleware-serde": "^2.0.1",
        "@smithy/middleware-stack": "^2.0.0",
        "@smithy/node-config-provider": "^2.0.1",
        "@smithy/node-http-handler": "^2.0.1",
        "@smithy/protocol-http": "^2.0.1",
        "@smithy/smithy-client": "^2.0.1",
        "@smithy/types": "^2.0.2",
        "@smithy/url-parser": "^2.0.1",
        "@smithy/util-base64": "^2.0.0",
        "@smithy/util-body-length-browser": "^2.0.0",
        "@smithy/util-body-length-node": "^2.0.0",
        "@smithy/util-defaults-mode-browser": "^2.0.1",
        "@smithy/util-defaults-mode-node": "^2.0.1",
        "@smithy/util-retry": "^2.0.0",
        "@smithy/util-utf8": "^2.0.0",
        "tslib": "^2.5.0"
      },
      "engines": {
        "node": ">=14.0.0"
      }
    },
    "node_modules/@aws-sdk/client-sts": {
      "version": "3.379.1",
      "resolved": "https://registry.npmjs.org/@aws-sdk/client-sts/-/client-sts-3.379.1.tgz",
      "integrity": "sha512-gEnKuk9bYjThvmxCgOgCn1qa+rRX8IgIRE2+xhbWhlpDanozhkDq9aMB5moX4tBNYQEmi1LtGD+JOvOoZRnToQ==",
      "optional": true,
      "dependencies": {
        "@aws-crypto/sha256-browser": "3.0.0",
        "@aws-crypto/sha256-js": "3.0.0",
        "@aws-sdk/credential-provider-node": "3.379.1",
        "@aws-sdk/middleware-host-header": "3.379.1",
        "@aws-sdk/middleware-logger": "3.378.0",
        "@aws-sdk/middleware-recursion-detection": "3.378.0",
        "@aws-sdk/middleware-sdk-sts": "3.379.1",
        "@aws-sdk/middleware-signing": "3.379.1",
        "@aws-sdk/middleware-user-agent": "3.379.1",
        "@aws-sdk/types": "3.378.0",
        "@aws-sdk/util-endpoints": "3.378.0",
        "@aws-sdk/util-user-agent-browser": "3.378.0",
        "@aws-sdk/util-user-agent-node": "3.378.0",
        "@smithy/config-resolver": "^2.0.1",
        "@smithy/fetch-http-handler": "^2.0.1",
        "@smithy/hash-node": "^2.0.1",
        "@smithy/invalid-dependency": "^2.0.1",
        "@smithy/middleware-content-length": "^2.0.1",
        "@smithy/middleware-endpoint": "^2.0.1",
        "@smithy/middleware-retry": "^2.0.1",
        "@smithy/middleware-serde": "^2.0.1",
        "@smithy/middleware-stack": "^2.0.0",
        "@smithy/node-config-provider": "^2.0.1",
        "@smithy/node-http-handler": "^2.0.1",
        "@smithy/protocol-http": "^2.0.1",
        "@smithy/smithy-client": "^2.0.1",
        "@smithy/types": "^2.0.2",
        "@smithy/url-parser": "^2.0.1",
        "@smithy/util-base64": "^2.0.0",
        "@smithy/util-body-length-browser": "^2.0.0",
        "@smithy/util-body-length-node": "^2.0.0",
        "@smithy/util-defaults-mode-browser": "^2.0.1",
        "@smithy/util-defaults-mode-node": "^2.0.1",
        "@smithy/util-retry": "^2.0.0",
        "@smithy/util-utf8": "^2.0.0",
        "fast-xml-parser": "4.2.5",
        "tslib": "^2.5.0"
      },
      "engines": {
        "node": ">=14.0.0"
      }
    },
    "node_modules/@aws-sdk/credential-provider-cognito-identity": {
      "version": "3.379.1",
      "resolved": "https://registry.npmjs.org/@aws-sdk/credential-provider-cognito-identity/-/credential-provider-cognito-identity-3.379.1.tgz",
      "integrity": "sha512-29X4nxo+47TeENgCpaTeMaK66cn7Uv7Fo4HPvGoevtWljqMqlSSNwQgmvpvqkQWGNtG6Ma/7GXkPMBuoqpwC8g==",
      "optional": true,
      "dependencies": {
        "@aws-sdk/client-cognito-identity": "3.379.1",
        "@aws-sdk/types": "3.378.0",
        "@smithy/property-provider": "^2.0.0",
        "@smithy/types": "^2.0.2",
        "tslib": "^2.5.0"
      },
      "engines": {
        "node": ">=14.0.0"
      }
    },
    "node_modules/@aws-sdk/credential-provider-env": {
      "version": "3.378.0",
      "resolved": "https://registry.npmjs.org/@aws-sdk/credential-provider-env/-/credential-provider-env-3.378.0.tgz",
      "integrity": "sha512-B2OVdO9kBClDwGgWTBLAQwFV8qYTYGyVujg++1FZFSFMt8ORFdZ5fNpErvJtiSjYiOOQMzyBeSNhKyYNXCiJjQ==",
      "optional": true,
      "dependencies": {
        "@aws-sdk/types": "3.378.0",
        "@smithy/property-provider": "^2.0.0",
        "@smithy/types": "^2.0.2",
        "tslib": "^2.5.0"
      },
      "engines": {
        "node": ">=14.0.0"
      }
    },
    "node_modules/@aws-sdk/credential-provider-ini": {
      "version": "3.379.1",
      "resolved": "https://registry.npmjs.org/@aws-sdk/credential-provider-ini/-/credential-provider-ini-3.379.1.tgz",
      "integrity": "sha512-YhEsJIskzCFwIIKiMN9GSHQkgWwj/b7rq0ofhsXsCRimFtdVkmMlB9veE6vtFAuXpX/WOGWdlWek1az0V22uuw==",
      "optional": true,
      "dependencies": {
        "@aws-sdk/credential-provider-env": "3.378.0",
        "@aws-sdk/credential-provider-process": "3.378.0",
        "@aws-sdk/credential-provider-sso": "3.379.1",
        "@aws-sdk/credential-provider-web-identity": "3.378.0",
        "@aws-sdk/types": "3.378.0",
        "@smithy/credential-provider-imds": "^2.0.0",
        "@smithy/property-provider": "^2.0.0",
        "@smithy/shared-ini-file-loader": "^2.0.0",
        "@smithy/types": "^2.0.2",
        "tslib": "^2.5.0"
      },
      "engines": {
        "node": ">=14.0.0"
      }
    },
    "node_modules/@aws-sdk/credential-provider-node": {
      "version": "3.379.1",
      "resolved": "https://registry.npmjs.org/@aws-sdk/credential-provider-node/-/credential-provider-node-3.379.1.tgz",
      "integrity": "sha512-39Y4OHKn6a8lY8YJhSLLw08aZytWxfvSjM4ObIEnE6hjLl8gsL9vROKKITsh3q6iGQ1EDSWMWZL50aOh3LJUIg==",
      "optional": true,
      "dependencies": {
        "@aws-sdk/credential-provider-env": "3.378.0",
        "@aws-sdk/credential-provider-ini": "3.379.1",
        "@aws-sdk/credential-provider-process": "3.378.0",
        "@aws-sdk/credential-provider-sso": "3.379.1",
        "@aws-sdk/credential-provider-web-identity": "3.378.0",
        "@aws-sdk/types": "3.378.0",
        "@smithy/credential-provider-imds": "^2.0.0",
        "@smithy/property-provider": "^2.0.0",
        "@smithy/shared-ini-file-loader": "^2.0.0",
        "@smithy/types": "^2.0.2",
        "tslib": "^2.5.0"
      },
      "engines": {
        "node": ">=14.0.0"
      }
    },
    "node_modules/@aws-sdk/credential-provider-process": {
      "version": "3.378.0",
      "resolved": "https://registry.npmjs.org/@aws-sdk/credential-provider-process/-/credential-provider-process-3.378.0.tgz",
      "integrity": "sha512-KFTIy7u+wXj3eDua4rgS0tODzMnXtXhAm1RxzCW9FL5JLBBrd82ymCj1Dp72217Sw5Do6NjCnDTTNkCHZMA77w==",
      "optional": true,
      "dependencies": {
        "@aws-sdk/types": "3.378.0",
        "@smithy/property-provider": "^2.0.0",
        "@smithy/shared-ini-file-loader": "^2.0.0",
        "@smithy/types": "^2.0.2",
        "tslib": "^2.5.0"
      },
      "engines": {
        "node": ">=14.0.0"
      }
    },
    "node_modules/@aws-sdk/credential-provider-sso": {
      "version": "3.379.1",
      "resolved": "https://registry.npmjs.org/@aws-sdk/credential-provider-sso/-/credential-provider-sso-3.379.1.tgz",
      "integrity": "sha512-PhGtu1+JbUntYP/5CSfazQhWsjUBiksEuhg9fLhYl5OAgZVjVygbgoNVUz/gM7gZJSEMsasTazkn7yZVzO/k7w==",
      "optional": true,
      "dependencies": {
        "@aws-sdk/client-sso": "3.379.1",
        "@aws-sdk/token-providers": "3.379.1",
        "@aws-sdk/types": "3.378.0",
        "@smithy/property-provider": "^2.0.0",
        "@smithy/shared-ini-file-loader": "^2.0.0",
        "@smithy/types": "^2.0.2",
        "tslib": "^2.5.0"
      },
      "engines": {
        "node": ">=14.0.0"
      }
    },
    "node_modules/@aws-sdk/credential-provider-web-identity": {
      "version": "3.378.0",
      "resolved": "https://registry.npmjs.org/@aws-sdk/credential-provider-web-identity/-/credential-provider-web-identity-3.378.0.tgz",
      "integrity": "sha512-GWjydOszhc4xDF8xuPtBvboglXQr0gwCW1oHAvmLcOT38+Hd6qnKywnMSeoXYRPgoKfF9TkWQgW1jxplzCG0UA==",
      "optional": true,
      "dependencies": {
        "@aws-sdk/types": "3.378.0",
        "@smithy/property-provider": "^2.0.0",
        "@smithy/types": "^2.0.2",
        "tslib": "^2.5.0"
      },
      "engines": {
        "node": ">=14.0.0"
      }
    },
    "node_modules/@aws-sdk/credential-providers": {
        
